
Microsoft Visual Studio Solution File, Format Version 12.00
# Visual Studio 15
VisualStudioVersion = 15.0.28307.1145
MinimumVisualStudioVersion = 10.0.40219.1
Project("{FAE04EC0-301F-11D3-BF4B-00C04F79EFBC}") = "POS Interface", "POS\POS Interface.csproj", "{9942361E-88D8-4EB1-8CC1-A75CFE1C94A3}"
EndProject
Project("{FAE04EC0-301F-11D3-BF4B-00C04F79EFBC}") = "POS Library", "POS Library\POS Library.csproj", "{DDF72502-1722-4804-AB3E-2BC70F0EAF94}"
EndProject
Global
	GlobalSection(SolutionConfigurationPlatforms) = preSolution
		Debug|Any CPU = Debug|Any CPU
		Release|Any CPU = Release|Any CPU
	EndGlobalSection
	GlobalSection(ProjectConfigurationPlatforms) = postSolution
		{9942361E-88D8-4EB1-8CC1-A75CFE1C94A3}.Debug|Any CPU.ActiveCfg = Debug|Any CPU
		{9942361E-88D8-4EB1-8CC1-A75CFE1C94A3}.Debug|Any CPU.Build.0 = Debug|Any CPU
		{9942361E-88D8-4EB1-8CC1-A75CFE1C94A3}.Release|Any CPU.ActiveCfg = Release|Any CPU
		{9942361E-88D8-4EB1-8CC1-A75CFE1C94A3}.Release|Any CPU.Build.0 = Release|Any CPU
		{DDF72502-1722-4804-AB3E-2BC70F0EAF94}.Debug|Any CPU.ActiveCfg = Debug|Any CPU
		{DDF72502-1722-4804-AB3E-2BC70F0EAF94}.Debug|Any CPU.Build.0 = Debug|Any CPU
		{DDF72502-1722-4804-AB3E-2BC70F0EAF94}.Release|Any CPU.ActiveCfg = Release|Any CPU
		{DDF72502-1722-4804-AB3E-2BC70F0EAF94}.Release|Any CPU.Build.0 = Release|Any CPU
	EndGlobalSection
	GlobalSection(SolutionProperties) = preSolution
		HideSolutionNode = FALSE
	EndGlobalSection
	GlobalSection(ExtensibilityGlobals) = postSolution
		SolutionGuid = {53D8F876-80A6-4E8E-A8FA-A155437F3F24}
	EndGlobalSection
EndGlobal
